// !$*UTF8*$!
{
	archiveVersion = 1;
	classes = {
	};
	objectVersion = 46;
	objects = {

/* Begin PBXBuildFile section */
		391972DD1C7BE6EF00765B10 /* AppDelegate.swift in Sources */ = {isa = PBXBuildFile; fileRef = 391972DC1C7BE6EF00765B10 /* AppDelegate.swift */; };
		391972DF1C7BE6EF00765B10 /* ViewController.swift in Sources */ = {isa = PBXBuildFile; fileRef = 391972DE1C7BE6EF00765B10 /* ViewController.swift */; };
		391972E21C7BE6EF00765B10 /* Main.storyboard in Resources */ = {isa = PBXBuildFile; fileRef = 391972E01C7BE6EF00765B10 /* Main.storyboard */; };
		391972E41C7BE6EF00765B10 /* Images.xcassets in Resources */ = {isa = PBXBuildFile; fileRef = 391972E31C7BE6EF00765B10 /* Images.xcassets */; };
		391972E71C7BE6EF00765B10 /* LaunchScreen.xib in Resources */ = {isa = PBXBuildFile; fileRef = 391972E51C7BE6EF00765B10 /* LaunchScreen.xib */; };
		391972F31C7BE6EF00765B10 /* SuperCoolTests.swift in Sources */ = {isa = PBXBuildFile; fileRef = 391972F21C7BE6EF00765B10 /* SuperCoolTests.swift */; };
		391972FD1C7BE91900765B10 /* Boom-App.png in Resources */ = {isa = PBXBuildFile; fileRef = 391972FC1C7BE91900765B10 /* Boom-App.png */; };
		391972FF1C7BEA0A00765B10 /* 11239-NN9XC2.jpg in Resources */ = {isa = PBXBuildFile; fileRef = 391972FE1C7BEA0A00765B10 /* 11239-NN9XC2.jpg */; };
/* End PBXBuildFile section */

/* Begin PBXContainerItemProxy section */
		391972ED1C7BE6EF00765B10 /* PBXContainerItemProxy */ = {
			isa = PBXContainerItemProxy;
			containerPortal = 391972CF1C7BE6EF00765B10 /* Project object */;
			proxyType = 1;
			remoteGlobalIDString = 391972D61C7BE6EF00765B10;
			remoteInfo = SuperCool;
		};
/* End PBXContainerItemProxy section */

/* Begin PBXFileReference section */
		391972D71C7BE6EF00765B10 /* SuperCool.app */ = {isa = PBXFileReference; explicitFileType = wrapper.application; includeInIndex = 0; path = SuperCool.app; sourceTree = BUILT_PRODUCTS_DIR; };
		391972DB1C7BE6EF00765B10 /* Info.plist */ = {isa = PBXFileReference; lastKnownFileType = text.plist.xml; path = Info.plist; sourceTree = "<group>"; };
		391972DC1C7BE6EF00765B10 /* AppDelegate.swift */ = {isa = PBXFileReference; lastKnownFileType = sourcecode.swift; path = AppDelegate.swift; sourceTree = "<group>"; };
		391972DE1C7BE6EF00765B10 /* ViewController.swift */ = {isa = PBXFileReference; lastKnownFileType = sourcecode.swift; path = ViewController.swift; sourceTree = "<group>"; };
		391972E11C7BE6EF00765B10 /* Base */ = {isa = PBXFileReference; lastKnownFileType = file.storyboard; name = Base; path = Base.lproj/Main.storyboard; sourceTree = "<group>"; };
		391972E31C7BE6EF00765B10 /* Images.xcassets */ = {isa = PBXFileReference; lastKnownFileType = folder.assetcatalog; path = Images.xcassets; sourceTree = "<group>"; };
		391972E61C7BE6EF00765B10 /* Base */ = {isa = PBXFileReference; lastKnownFileType = file.xib; name = Base; path = Base.lproj/LaunchScreen.xib; sourceTree = "<group>"; };
		391972EC1C7BE6EF00765B10 /* SuperCoolTests.xctest */ = {isa = PBXFileReference; explicitFileType = wrapper.cfbundle; includeInIndex = 0; path = SuperCoolTests.xctest; sourceTree = BUILT_PRODUCTS_DIR; };
		391972F11C7BE6EF00765B10 /* Info.plist */ = {isa = PBXFileReference; lastKnownFileType = text.plist.xml; path = Info.plist; sourceTree = "<group>"; };
		391972F21C7BE6EF00765B10 /* SuperCoolTests.swift */ = {isa = PBXFileReference; lastKnownFileType = sourcecode.swift; path = SuperCoolTests.swift; sourceTree = "<group>"; };
		391972FC1C7BE91900765B10 /* Boom-App.png */ = {isa = PBXFileReference; lastKnownFileType = image.png; path = "Boom-App.png"; sourceTree = "<group>"; };
		391972FE1C7BEA0A00765B10 /* 11239-NN9XC2.jpg */ = {isa = PBXFileReference; lastKnownFileType = image.jpeg; path = "11239-NN9XC2.jpg"; sourceTree = "<group>"; };
/* End PBXFileReference section */

/* Begin PBXFrameworksBuildPhase section */
		391972D41C7BE6EF00765B10 /* Frameworks */ = {
			isa = PBXFrameworksBuildPhase;
			buildActionMask = 2147483647;
			files = (
			);
			runOnlyForDeploymentPostprocessing = 0;
		};
		391972E91C7BE6EF00765B10 /* Frameworks */ = {
			isa = PBXFrameworksBuildPhase;
			buildActionMask = 2147483647;
			files = (
			);
			runOnlyForDeploymentPostprocessing = 0;
		};
/* End PBXFrameworksBuildPhase section */

/* Begin PBXGroup section */
		391972CE1C7BE6EF00765B10 = {
			isa = PBXGroup;
			children = (
				391972D91C7BE6EF00765B10 /* SuperCool */,
				391972EF1C7BE6EF00765B10 /* SuperCoolTests */,
				391972D81C7BE6EF00765B10 /* Products */,
			);
			sourceTree = "<group>";
		};
		391972D81C7BE6EF00765B10 /* Products */ = {
			isa = PBXGroup;
			children = (
				391972D71C7BE6EF00765B10 /* SuperCool.app */,
				391972EC1C7BE6EF00765B10 /* SuperCoolTests.xctest */,
			);
			name = Products;
			sourceTree = "<group>";
		};
		391972D91C7BE6EF00765B10 /* SuperCool */ = {
			isa = PBXGroup;
			children = (
				391972DC1C7BE6EF00765B10 /* AppDelegate.swift */,
				391972DE1C7BE6EF00765B10 /* ViewController.swift */,
				391972E01C7BE6EF00765B10 /* Main.storyboard */,
				391972E31C7BE6EF00765B10 /* Images.xcassets */,
				391972E51C7BE6EF00765B10 /* LaunchScreen.xib */,
				391972FC1C7BE91900765B10 /* Boom-App.png */,
				391972FE1C7BEA0A00765B10 /* 11239-NN9XC2.jpg */,
				391972DA1C7BE6EF00765B10 /* Supporting Files */,
			);
			path = SuperCool;
			sourceTree = "<group>";
		};
		391972DA1C7BE6EF00765B10 /* Supporting Files */ = {
			isa = PBXGroup;
			children = (
				391972DB1C7BE6EF00765B10 /* Info.plist */,
			);
			name = "Supporting Files";
			sourceTree = "<group>";
		};
		391972EF1C7BE6EF00765B10 /* SuperCoolTests */ = {
			isa = PBXGroup;
			children = (
				391972F21C7BE6EF00765B10 /* SuperCoolTests.swift */,
				391972F01C7BE6EF00765B10 /* Supporting Files */,
			);
			path = SuperCoolTests;
			sourceTree = "<group>";
		};
		391972F01C7BE6EF00765B10 /* Supporting Files */ = {
			isa = PBXGroup;
			children = (
				391972F11C7BE6EF00765B10 /* Info.plist */,
			);
			name = "Supporting Files";
			sourceTree = "<group>";
		};
/* End PBXGroup section */

/* Begin PBXNativeTarget section */
		391972D61C7BE6EF00765B10 /* SuperCool */ = {
			isa = PBXNativeTarget;
			buildConfigurationList = 391972F61C7BE6EF00765B10 /* Build configuration list for PBXNativeTarget "SuperCool" */;
			buildPhases = (
				391972D31C7BE6EF00765B10 /* Sources */,
				391972D41C7BE6EF00765B10 /* Frameworks */,
				391972D51C7BE6EF00765B10 /* Resources */,
			);
			buildRules = (
			);
			dependencies = (
			);
			name = SuperCool;
			productName = SuperCool;
			productReference = 391972D71C7BE6EF00765B10 /* SuperCool.app */;
			productType = "com.apple.product-type.application";
		};
		391972EB1C7BE6EF00765B10 /* SuperCoolTests */ = {
			isa = PBXNativeTarget;
			buildConfigurationList = 391972F91C7BE6EF00765B10 /* Build configuration list for PBXNativeTarget "SuperCoolTests" */;
			buildPhases = (
				391972E81C7BE6EF00765B10 /* Sources */,
				391972E91C7BE6EF00765B10 /* Frameworks */,
				391972EA1C7BE6EF00765B10 /* Resources */,
			);
			buildRules = (
			);
			dependencies = (
				391972EE1C7BE6EF00765B10 /* PBXTargetDependency */,
			);
			name = SuperCoolTests;
			productName = SuperCoolTests;
			productReference = 391972EC1C7BE6EF00765B10 /* SuperCoolTests.xctest */;
			productType = "com.apple.product-type.bundle.unit-test";
		};
/* End PBXNativeTarget section */

/* Begin PBXProject section */
		391972CF1C7BE6EF00765B10 /* Project object */ = {
			isa = PBXProject;
			attributes = {
				LastUpgradeCheck = 0610;
				ORGANIZATIONNAME = "Daniel Ray";
				TargetAttributes = {
					391972D61C7BE6EF00765B10 = {
						CreatedOnToolsVersion = 6.1;
					};
					391972EB1C7BE6EF00765B10 = {
						CreatedOnToolsVersion = 6.1;
						TestTargetID = 391972D61C7BE6EF00765B10;
					};
				};
			};
			buildConfigurationList = 391972D21C7BE6EF00765B10 /* Build configuration list for PBXProject "SuperCool" */;
			compatibilityVersion = "Xcode 3.2";
			developmentRegion = English;
			hasScannedForEncodings = 0;
			knownRegions = (
				en,
				Base,
			);
			mainGroup = 391972CE1C7BE6EF00765B10;
			productRefGroup = 391972D81C7BE6EF00765B10 /* Products */;
			projectDirPath = "";
			projectRoot = "";
			targets = (
				391972D61C7BE6EF00765B10 /* SuperCool */,
				391972EB1C7BE6EF00765B10 /* SuperCoolTests */,
			);
		};
/* End PBXProject section */

/* Begin PBXResourcesBuildPhase section */
		391972D51C7BE6EF00765B10 /* Resources */ = {
			isa = PBXResourcesBuildPhase;
			buildActionMask = 2147483647;
			files = (
				391972E21C7BE6EF00765B10 /* Main.storyboard in Resources */,
				391972E71C7BE6EF00765B10 /* LaunchScreen.xib in Resources */,
				391972FF1C7BEA0A00765B10 /* 11239-NN9XC2.jpg in Resources */,
				391972FD1C7BE91900765B10 /* Boom-App.png in Resources */,
				391972E41C7BE6EF00765B10 /* Images.xcassets in Resources */,
			);
			runOnlyForDeploymentPostprocessing = 0;
		};
		391972EA1C7BE6EF00765B10 /* Resources */ = {
			isa = PBXResourcesBuildPhase;
			buildActionMask = 2147483647;
			files = (
			);
			runOnlyForDeploymentPostprocessing = 0;
		};
/* End PBXResourcesBuildPhase section */

/* Begin PBXSourcesBuildPhase section */
		391972D31C7BE6EF00765B10 /* Sources */ = {
			isa = PBXSourcesBuildPhase;
			buildActionMask = 2147483647;
			files = (
				391972DF1C7BE6EF00765B10 /* ViewController.swift in Sources */,
				391972DD1C7BE6EF00765B10 /* AppDelegate.swift in Sources */,
			);
			runOnlyForDeploymentPostprocessing = 0;
		};
		391972E81C7BE6EF00765B10 /* Sources */ = {
			isa = PBXSourcesBuildPhase;
			buildActionMask = 2147483647;
			files = (
				391972F31C7BE6EF00765B10 /* SuperCoolTests.swift in Sources */,
			);
			runOnlyForDeploymentPostprocessing = 0;
		};
/* End PBXSourcesBuildPhase section */

/* Begin PBXTargetDependency section */
		391972EE1C7BE6EF00765B10 /* PBXTargetDependency */ = {
			isa = PBXTargetDependency;
			target = 391972D61C7BE6EF00765B10 /* SuperCool */;
			targetProxy = 391972ED1C7BE6EF00765B10 /* PBXContainerItemProxy */;
		};
/* End PBXTargetDependency section */

/* Begin PBXVariantGroup section */
		391972E01C7BE6EF00765B10 /* Main.storyboard */ = {
			isa = PBXVariantGroup;
			children = (
				391972E11C7BE6EF00765B10 /* Base */,
			);
			name = Main.storyboard;
			sourceTree = "<group>";
		};
		391972E51C7BE6EF00765B10 /* LaunchScreen.xib */ = {
			isa = PBXVariantGroup;
			children = (
				391972E61C7BE6EF00765B10 /* Base */,
			);
			name = LaunchScreen.xib;
			sourceTree = "<group>";
		};
/* End PBXVariantGroup section */

/* Begin XCBuildConfiguration section */
		391972F41C7BE6EF00765B10 /* Debug */ = {
			isa = XCBuildConfiguration;
			buildSettings = {
				ALWAYS_SEARCH_USER_PATHS = NO;
				CLANG_CXX_LANGUAGE_STANDARD = "gnu++0x";
				CLANG_CXX_LIBRARY = "libc++";
				CLANG_ENABLE_MODULES = YES;
				CLANG_ENABLE_OBJC_ARC = YES;
				CLANG_WARN_BOOL_CONVERSION = YES;
				CLANG_WARN_CONSTANT_CONVERSION = YES;
				CLANG_WARN_DIRECT_OBJC_ISA_USAGE = YES_ERROR;
				CLANG_WARN_EMPTY_BODY = YES;
				CLANG_WARN_ENUM_CONVERSION = YES;
				CLANG_WARN_INT_CONVERSION = YES;
				CLANG_WARN_OBJC_ROOT_CLASS = YES_ERROR;
				CLANG_WARN_UNREACHABLE_CODE = YES;
				CLANG_WARN__DUPLICATE_METHOD_MATCH = YES;
				"CODE_SIGN_IDENTITY[sdk=iphoneos*]" = "iPhone Developer";
				COPY_PHASE_STRIP = NO;
				ENABLE_STRICT_OBJC_MSGSEND = YES;
				GCC_C_LANGUAGE_STANDARD = gnu99;
				GCC_DYNAMIC_NO_PIC = NO;
				GCC_OPTIMIZATION_LEVEL = 0;
				GCC_PREPROCESSOR_DEFINITIONS = (
					"DEBUG=1",
					"$(inherited)",
				);
				GCC_SYMBOLS_PRIVATE_EXTERN = NO;
				GCC_WARN_64_TO_32_BIT_CONVERSION = YES;
				GCC_WARN_ABOUT_RETURN_TYPE = YES_ERROR;
				GCC_WARN_UNDECLARED_SELECTOR = YES;
				GCC_WARN_UNINITIALIZED_AUTOS = YES_AGGRESSIVE;
				GCC_WARN_UNUSED_FUNCTION = YES;
				GCC_WARN_UNUSED_VARIABLE = YES;
				IPHONEOS_DEPLOYMENT_TARGET = 8.1;
				MTL_ENABLE_DEBUG_INFO = YES;
				ONLY_ACTIVE_ARCH = YES;
				SDKROOT = iphoneos;
				SWIFT_OPTIMIZATION_LEVEL = "-Onone";
			};
			name = Debug;
		};
		391972F51C7BE6EF00765B10 /* Release */ = {
			isa = XCBuildConfiguration;
			buildSettings = {
				ALWAYS_SEARCH_USER_PATHS = NO;
				CLANG_CXX_LANGUAGE_STANDARD = "gnu++0x";
				CLANG_CXX_LIBRARY = "libc++";
				CLANG_ENABLE_MODULES = YES;
				CLANG_ENABLE_OBJC_ARC = YES;
				CLANG_WARN_BOOL_CONVERSION = YES;
				CLANG_WARN_CONSTANT_CONVERSION = YES;
				CLANG_WARN_DIRECT_OBJC_ISA_USAGE = YES_ERROR;
				CLANG_WARN_EMPTY_BODY = YES;
				CLANG_WARN_ENUM_CONVERSION = YES;
				CLANG_WARN_INT_CONVERSION = YES;
				CLANG_WARN_OBJC_ROOT_CLASS = YES_ERROR;
				CLANG_WARN_UNREACHABLE_CODE = YES;
				CLANG_WARN__DUPLICATE_METHOD_MATCH = YES;
				"CODE_SIGN_IDENTITY[sdk=iphoneos*]" = "iPhone Developer";
				COPY_PHASE_STRIP = YES;
				ENABLE_NS_ASSERTIONS = NO;
				ENABLE_STRICT_OBJC_MSGSEND = YES;
				GCC_C_LANGUAGE_STANDARD = gnu99;
				GCC_WARN_64_TO_32_BIT_CONVERSION = YES;
				GCC_WARN_ABOUT_RETURN_TYPE = YES_ERROR;
				GCC_WARN_UNDECLARED_SELECTOR = YES;
				GCC_WARN_UNINITIALIZED_AUTOS = YES_AGGRESSIVE;
				GCC_WARN_UNUSED_FUNCTION = YES;
				GCC_WARN_UNUSED_VARIABLE = YES;
				IPHONEOS_DEPLOYMENT_TARGET = 8.1;
				MTL_ENABLE_DEBUG_INFO = NO;
				SDKROOT = iphoneos;
				VALIDATE_PRODUCT = YES;
			};
			name = Release;
		};
		391972F71C7BE6EF00765B10 /* Debug */ = {
			isa = XCBuildConfiguration;
			buildSettings = {
				ASSETCATALOG_COMPILER_APPICON_NAME = AppIcon;
				INFOPLIST_FILE = SuperCool/Info.plist;
				LD_RUNPATH_SEARCH_PATHS = "$(inherited) @executable_path/Frameworks";
				PRODUCT_NAME = "$(TARGET_NAME)";
			};
			name = Debug;
		};
		391972F81C7BE6EF00765B10 /* Release */ = {
			isa = XCBuildConfiguration;
			buildSettings = {
				ASSETCATALOG_COMPILER_APPICON_NAME = AppIcon;
				INFOPLIST_FILE = SuperCool/Info.plist;
				LD_RUNPATH_SEARCH_PATHS = "$(inherited) @executable_path/Frameworks";
				PRODUCT_NAME = "$(TARGET_NAME)";
			};
			name = Release;
		};
		391972FA1C7BE6EF00765B10 /* Debug */ = {
			isa = XCBuildConfiguration;
			buildSettings = {
				BUNDLE_LOADER = "$(TEST_HOST)";
				FRAMEWORK_SEARCH_PATHS = (
					"$(SDKROOT)/Developer/Library/Frameworks",
					"$(inherited)",
				);
				GCC_PREPROCESSOR_DEFINITIONS = (
					"DEBUG=1",
					"$(inherited)",
				);
				INFOPLIST_FILE = SuperCoolTests/Info.plist;
				LD_RUNPATH_SEARCH_PATHS = "$(inherited) @executable_path/Frameworks @loader_path/Frameworks";
				PRODUCT_NAME = "$(TARGET_NAME)";
				TEST_HOST = "$(BUILT_PRODUCTS_DIR)/SuperCool.app/SuperCool";
			};
			name = Debug;
		};
		391972FB1C7BE6EF00765B10 /* Release */ = {
			isa = XCBuildConfiguration;
			buildSettings = {
				BUNDLE_LOADER = "$(TEST_HOST)";
				FRAMEWORK_SEARCH_PATHS = (
					"$(SDKROOT)/Developer/Library/Frameworks",
					"$(inherited)",
				);
				INFOPLIST_FILE = SuperCoolTests/Info.plist;
				LD_RUNPATH_SEARCH_PATHS = "$(inherited) @executable_path/Frameworks @loader_path/Frameworks";
				PRODUCT_NAME = "$(TARGET_NAME)";
				TEST_HOST = "$(BUILT_PRODUCTS_DIR)/SuperCool.app/SuperCool";
			};
			name = Release;
		};
/* End XCBuildConfiguration section */

/* Begin XCConfigurationList section */
		391972D21C7BE6EF00765B10 /* Build configuration list for PBXProject "SuperCool" */ = {
			isa = XCConfigurationList;
			buildConfigurations = (
				391972F41C7BE6EF00765B10 /* Debug */,
				391972F51C7BE6EF00765B10 /* Release */,
			);
			defaultConfigurationIsVisible = 0;
			defaultConfigurationName = Release;
		};
		391972F61C7BE6EF00765B10 /* Build configuration list for PBXNativeTarget "SuperCool" */ = {
			isa = XCConfigurationList;
			buildConfigurations = (
				391972F71C7BE6EF00765B10 /* Debug */,
				391972F81C7BE6EF00765B10 /* Release */,
			);
			defaultConfigurationIsVisible = 0;
		};
		391972F91C7BE6EF00765B10 /* Build configuration list for PBXNativeTarget "SuperCoolTests" */ = {
			isa = XCConfigurationList;
			buildConfigurations = (
				391972FA1C7BE6EF00765B10 /* Debug */,
				391972FB1C7BE6EF00765B10 /* Release */,
			);
			defaultConfigurationIsVisible = 0;
		};
/* End XCConfigurationList section */
	};
	rootObject = 391972CF1C7BE6EF00765B10 /* Project object */;
}
